{
  "version": 4,
  "terraform_version": "1.2.1",
  "serial": 81,
  "lineage": "6ede6b21-3874-ff3a-6d73-43bd0e1f7b88",
  "outputs": {
    "instance_ip_addr": {
      "value": "34.28.200.122",
      "type": "string"
    }
  },
  "resources": [
    {
      "mode": "managed",
      "type": "google_compute_firewall",
      "name": "jenkins",
      "provider": "provider[\"registry.terraform.io/hashicorp/google\"]",
      "instances": [
        {
          "schema_version": 1,
          "attributes": {
            "allow": [
              {
                "ports": [
                  "8080"
                ],
                "protocol": "tcp"
              }
            ],
            "creation_timestamp": "2022-11-07T15:36:04.112-08:00",
            "deny": [],
            "description": "",
            "destination_ranges": [],
            "direction": "INGRESS",
            "disabled": false,
            "enable_logging": null,
            "id": "projects/adrabenche/global/firewalls/test-firewall-jenkins",
            "log_config": [],
            "name": "test-firewall-jenkins",
            "network": "https://www.googleapis.com/compute/v1/projects/adrabenche/global/networks/terraform-network",
            "priority": 1000,
            "project": "adrabenche",
            "self_link": "https://www.googleapis.com/compute/v1/projects/adrabenche/global/firewalls/test-firewall-jenkins",
            "source_ranges": [
              "0.0.0.0/0"
            ],
            "source_service_accounts": null,
            "source_tags": null,
            "target_service_accounts": null,
            "target_tags": [
              "terraform-network-firewall-jenkins"
            ],
            "timeouts": null
          },
          "sensitive_attributes": [],
          "private": "eyJlMmJmYjczMC1lY2FhLTExZTYtOGY4OC0zNDM2M2JjN2M0YzAiOnsiY3JlYXRlIjoxMjAwMDAwMDAwMDAwLCJkZWxldGUiOjEyMDAwMDAwMDAwMDAsInVwZGF0ZSI6MTIwMDAwMDAwMDAwMH0sInNjaGVtYV92ZXJzaW9uIjoiMSJ9",
          "dependencies": [
            "google_compute_network.vpc_network"
          ]
        }
      ]
    },
    {
      "mode": "managed",
      "type": "google_compute_firewall",
      "name": "ssh",
      "provider": "provider[\"registry.terraform.io/hashicorp/google\"]",
      "instances": [
        {
          "schema_version": 1,
          "attributes": {
            "allow": [
              {
                "ports": [
                  "22",
                  "8080"
                ],
                "protocol": "tcp"
              }
            ],
            "creation_timestamp": "2022-11-07T15:36:04.114-08:00",
            "deny": [],
            "description": "",
            "destination_ranges": [],
            "direction": "INGRESS",
            "disabled": false,
            "enable_logging": null,
            "id": "projects/adrabenche/global/firewalls/test-firewall-ssh",
            "log_config": [],
            "name": "test-firewall-ssh",
            "network": "https://www.googleapis.com/compute/v1/projects/adrabenche/global/networks/terraform-network",
            "priority": 1000,
            "project": "adrabenche",
            "self_link": "https://www.googleapis.com/compute/v1/projects/adrabenche/global/firewalls/test-firewall-ssh",
            "source_ranges": [
              "0.0.0.0/0"
            ],
            "source_service_accounts": null,
            "source_tags": null,
            "target_service_accounts": null,
            "target_tags": [
              "terraform-network-firewall-ssh"
            ],
            "timeouts": null
          },
          "sensitive_attributes": [],
          "private": "eyJlMmJmYjczMC1lY2FhLTExZTYtOGY4OC0zNDM2M2JjN2M0YzAiOnsiY3JlYXRlIjoxMjAwMDAwMDAwMDAwLCJkZWxldGUiOjEyMDAwMDAwMDAwMDAsInVwZGF0ZSI6MTIwMDAwMDAwMDAwMH0sInNjaGVtYV92ZXJzaW9uIjoiMSJ9",
          "dependencies": [
            "google_compute_network.vpc_network"
          ]
        }
      ]
    },
    {
      "mode": "managed",
      "type": "google_compute_instance",
      "name": "vm_instance",
      "provider": "provider[\"registry.terraform.io/hashicorp/google\"]",
      "instances": [
        {
          "schema_version": 6,
          "attributes": {
            "advanced_machine_features": [],
            "allow_stopping_for_update": null,
            "attached_disk": [],
            "boot_disk": [
              {
                "auto_delete": true,
                "device_name": "persistent-disk-0",
                "disk_encryption_key_raw": "",
                "disk_encryption_key_sha256": "",
                "initialize_params": [
                  {
                    "image": "https://www.googleapis.com/compute/v1/projects/debian-cloud/global/images/debian-11-bullseye-v20221102",
                    "labels": {},
                    "size": 10,
                    "type": "pd-standard"
                  }
                ],
                "kms_key_self_link": "",
                "mode": "READ_WRITE",
                "source": "https://www.googleapis.com/compute/v1/projects/adrabenche/zones/us-central1-c/disks/terraedit"
              }
            ],
            "can_ip_forward": false,
            "confidential_instance_config": [],
            "cpu_platform": "Intel Cascade Lake",
            "current_status": "RUNNING",
            "deletion_protection": false,
            "description": "",
            "desired_status": null,
            "enable_display": false,
            "guest_accelerator": [],
            "hostname": "",
            "id": "projects/adrabenche/zones/us-central1-c/instances/terraedit",
            "instance_id": "3587215703943306",
            "label_fingerprint": "42WmSpB8rSM=",
            "labels": null,
            "machine_type": "n2-highcpu-2",
            "metadata": {
              "sshKeys": "adrabenche:ssh-rsa AAAB3NzaC1yc2EAAAADAQABAAACAQDOacxL1ivydoFWU/YGTCbA6+KqoTbofRlNFjGM1KHRyUwCytXI+7v61tcnjWucyWwia8dDzjHCJXVBedzdedKXBposO0vJSnkeC2+8wScVkT8S7cOM/4W9eF4ImlzXJQKUTW3U9ZjY2wWGZzt2v/oXiDIa+C1xmaJDsP6TLJJzBvq9Jw8Te7FK2uL/BoAgQ0aiZohiXOi0S7rQKvRLYjP0ccLRDSBtwm92rAXptQp/Y7cFF+c9fZ87ARtgAOrjBtRSre/2ZDctK8vJLc1tlWJni3QXpPwplbeFxQGz45VeaJnrDDXMRZlQIGOeWEUn+1kR69semqcAq8N6PuDYwGVU7VaBgFGr5HojoXulFyDhndsWfGst2ua3C6teFCyyXBj8OKacLEiYo/kKoBgFhx1s9Rg+x9y3wzzqdmzN2YMsW+MEQxfGxkCyQ9tb1ZT2HlADoo9Jal4SymDi6YlJ4HYcAtYzyuKgUZ7KCTYC3HZ70ganDPjYRPKiU+NxR6gnjaP+LrZX3M44Dbm/pP+klr6hucUo0v2YdoNsrBrcS8Xef2cDR/wXFoCA+/rbpQ0lEdmM4YVxvQsQgAW0mZpjMtt+R1Ut3/zduXwZxIofS10eCVEeJBicCGfvLBvDkA+NmmM1btSby66DGYYb3GhOguokdJtECFAt96IhBggvhbXF2Q==",
              "startup_script": "sudo apt-get update\nsudo apt-get -y install \\\n    ca-certificates \\\n    curl \\\n    gnupg \\\n    lsb-release\n sudo mkdir -p /etc/apt/keyrings\n curl -fsSL https://download.docker.com/linux/debian/gpg | sudo gpg --dearmor -o /etc/apt/keyrings/docker.gpg\n echo \\\n  \"deb [arch=$(dpkg --print-architecture) signed-by=/etc/apt/keyrings/docker.gpg] https://download.docker.com/linux/debian \\\n  $(lsb_release -cs) stable\" | sudo tee /etc/apt/sources.list.d/docker.list \u003e /dev/null\n  sudo apt-get update\n  sudo chmod a+r /etc/apt/keyrings/docker.gpg\n  sudo apt-get update\n  sudo apt-get -y install docker-ce docker-ce-cli containerd.io docker-compose-plugin\n"
            },
            "metadata_fingerprint": "WV9Sv9BtxWA=",
            "metadata_startup_script": null,
            "min_cpu_platform": "",
            "name": "terraedit",
            "network_interface": [
              {
                "access_config": [
                  {
                    "nat_ip": "34.28.200.122",
                    "network_tier": "PREMIUM",
                    "public_ptr_domain_name": ""
                  }
                ],
                "alias_ip_range": [],
                "ipv6_access_config": [],
                "ipv6_access_type": "",
                "name": "nic0",
                "network": "https://www.googleapis.com/compute/v1/projects/adrabenche/global/networks/terraform-network",
                "network_ip": "10.128.0.2",
                "nic_type": "",
                "queue_count": 0,
                "stack_type": "IPV4_ONLY",
                "subnetwork": "https://www.googleapis.com/compute/v1/projects/adrabenche/regions/us-central1/subnetworks/terraform-network",
                "subnetwork_project": "adrabenche"
              }
            ],
            "project": "adrabenche",
            "reservation_affinity": [],
            "resource_policies": null,
            "scheduling": [
              {
                "automatic_restart": true,
                "instance_termination_action": "",
                "min_node_cpus": 0,
                "node_affinities": [],
                "on_host_maintenance": "MIGRATE",
                "preemptible": false,
                "provisioning_model": "STANDARD"
              }
            ],
            "scratch_disk": [],
            "self_link": "https://www.googleapis.com/compute/v1/projects/adrabenche/zones/us-central1-c/instances/terraedit",
            "service_account": [],
            "shielded_instance_config": [
              {
                "enable_integrity_monitoring": true,
                "enable_secure_boot": false,
                "enable_vtpm": true
              }
            ],
            "tags": [
              "terraform-network-firewall-jenkins",
              "terraform-network-firewall-ssh"
            ],
            "tags_fingerprint": "n-osVghIEMw=",
            "timeouts": null,
            "zone": "us-central1-c"
          },
          "sensitive_attributes": [],
          "private": "eyJlMmJmYjczMC1lY2FhLTExZTYtOGY4OC0zNDM2M2JjN2M0YzAiOnsiY3JlYXRlIjoxMjAwMDAwMDAwMDAwLCJkZWxldGUiOjEyMDAwMDAwMDAwMDAsInVwZGF0ZSI6MTIwMDAwMDAwMDAwMH0sInNjaGVtYV92ZXJzaW9uIjoiNiJ9",
          "dependencies": [
            "google_compute_network.vpc_network"
          ]
        }
      ]
    },
    {
      "mode": "managed",
      "type": "google_compute_network",
      "name": "vpc_network",
      "provider": "provider[\"registry.terraform.io/hashicorp/google\"]",
      "instances": [
        {
          "schema_version": 0,
          "attributes": {
            "auto_create_subnetworks": true,
            "delete_default_routes_on_create": false,
            "description": "",
            "enable_ula_internal_ipv6": false,
            "gateway_ipv4": "",
            "id": "projects/adrabenche/global/networks/terraform-network",
            "internal_ipv6_range": "",
            "mtu": 0,
            "name": "terraform-network",
            "project": "adrabenche",
            "routing_mode": "REGIONAL",
            "self_link": "https://www.googleapis.com/compute/v1/projects/adrabenche/global/networks/terraform-network",
            "timeouts": null
          },
          "sensitive_attributes": [],
          "private": "eyJlMmJmYjczMC1lY2FhLTExZTYtOGY4OC0zNDM2M2JjN2M0YzAiOnsiY3JlYXRlIjoxMjAwMDAwMDAwMDAwLCJkZWxldGUiOjEyMDAwMDAwMDAwMDAsInVwZGF0ZSI6MTIwMDAwMDAwMDAwMH19"
        }
      ]
    }
  ]
}
